{
  "version": 4,
  "terraform_version": "1.2.9",
  "serial": 446,
  "lineage": "ba85356e-c857-47a4-7ad4-dc1d68ce81ce",
  "outputs": {
    "instance_a_ip_addr": {
      "value": "34.170.104.42",
      "type": "string"
    },
    "instance_b_ip_addr": {
      "value": "34.27.169.182",
      "type": "string"
    },
    "instance_c_ip_addr": {
      "value": "34.72.73.118",
      "type": "string"
    }
  },
  "resources": [
    {
      "mode": "managed",
      "type": "google_compute_address",
      "name": "static_a",
      "provider": "provider[\"registry.terraform.io/hashicorp/google\"]",
      "instances": [
        {
          "schema_version": 0,
          "attributes": {
            "address": "34.170.104.42",
            "address_type": "EXTERNAL",
            "creation_timestamp": "2022-12-04T05:18:26.306-08:00",
            "description": "",
            "id": "projects/avid-bricolage-362013/regions/us-central1/addresses/ipv4-address-a",
            "name": "ipv4-address-a",
            "network": "",
            "network_tier": "PREMIUM",
            "prefix_length": 0,
            "project": "avid-bricolage-362013",
            "purpose": "",
            "region": "us-central1",
            "self_link": "https://www.googleapis.com/compute/v1/projects/avid-bricolage-362013/regions/us-central1/addresses/ipv4-address-a",
            "subnetwork": "",
            "timeouts": null,
            "users": [
              "https://www.googleapis.com/compute/v1/projects/avid-bricolage-362013/zones/us-central1-c/instances/instance-from-template-a"
            ]
          },
          "sensitive_attributes": [],
          "private": "eyJlMmJmYjczMC1lY2FhLTExZTYtOGY4OC0zNDM2M2JjN2M0YzAiOnsiY3JlYXRlIjoyNDAwMDAwMDAwMDAsImRlbGV0ZSI6MjQwMDAwMDAwMDAwfX0="
        }
      ]
    },
    {
      "mode": "managed",
      "type": "google_compute_address",
      "name": "static_b",
      "provider": "provider[\"registry.terraform.io/hashicorp/google\"]",
      "instances": [
        {
          "schema_version": 0,
          "attributes": {
            "address": "34.27.169.182",
            "address_type": "EXTERNAL",
            "creation_timestamp": "2022-12-04T05:18:26.292-08:00",
            "description": "",
            "id": "projects/avid-bricolage-362013/regions/us-central1/addresses/ipv4-address-b",
            "name": "ipv4-address-b",
            "network": "",
            "network_tier": "PREMIUM",
            "prefix_length": 0,
            "project": "avid-bricolage-362013",
            "purpose": "",
            "region": "us-central1",
            "self_link": "https://www.googleapis.com/compute/v1/projects/avid-bricolage-362013/regions/us-central1/addresses/ipv4-address-b",
            "subnetwork": "",
            "timeouts": null,
            "users": [
              "https://www.googleapis.com/compute/v1/projects/avid-bricolage-362013/zones/us-central1-c/instances/instance-from-template-b"
            ]
          },
          "sensitive_attributes": [],
          "private": "eyJlMmJmYjczMC1lY2FhLTExZTYtOGY4OC0zNDM2M2JjN2M0YzAiOnsiY3JlYXRlIjoyNDAwMDAwMDAwMDAsImRlbGV0ZSI6MjQwMDAwMDAwMDAwfX0="
        }
      ]
    },
    {
      "mode": "managed",
      "type": "google_compute_address",
      "name": "static_c",
      "provider": "provider[\"registry.terraform.io/hashicorp/google\"]",
      "instances": [
        {
          "schema_version": 0,
          "attributes": {
            "address": "34.72.73.118",
            "address_type": "EXTERNAL",
            "creation_timestamp": "2022-12-04T05:18:26.292-08:00",
            "description": "",
            "id": "projects/avid-bricolage-362013/regions/us-central1/addresses/ipv4-address-c",
            "name": "ipv4-address-c",
            "network": "",
            "network_tier": "PREMIUM",
            "prefix_length": 0,
            "project": "avid-bricolage-362013",
            "purpose": "",
            "region": "us-central1",
            "self_link": "https://www.googleapis.com/compute/v1/projects/avid-bricolage-362013/regions/us-central1/addresses/ipv4-address-c",
            "subnetwork": "",
            "timeouts": null,
            "users": [
              "https://www.googleapis.com/compute/v1/projects/avid-bricolage-362013/zones/us-central1-c/instances/instance-from-template-c"
            ]
          },
          "sensitive_attributes": [],
          "private": "eyJlMmJmYjczMC1lY2FhLTExZTYtOGY4OC0zNDM2M2JjN2M0YzAiOnsiY3JlYXRlIjoyNDAwMDAwMDAwMDAsImRlbGV0ZSI6MjQwMDAwMDAwMDAwfX0="
        }
      ]
    },
    {
      "mode": "managed",
      "type": "google_compute_firewall",
      "name": "ssh",
      "provider": "provider[\"registry.terraform.io/hashicorp/google\"]",
      "instances": [
        {
          "schema_version": 1,
          "attributes": {
            "allow": [
              {
                "ports": [
                  "22"
                ],
                "protocol": "tcp"
              }
            ],
            "creation_timestamp": "2022-12-04T05:19:01.521-08:00",
            "deny": [],
            "description": "",
            "destination_ranges": [],
            "direction": "INGRESS",
            "disabled": false,
            "enable_logging": null,
            "id": "projects/avid-bricolage-362013/global/firewalls/ssh-firewall",
            "log_config": [],
            "name": "ssh-firewall",
            "network": "https://www.googleapis.com/compute/v1/projects/avid-bricolage-362013/global/networks/terraform-network",
            "priority": 1000,
            "project": "avid-bricolage-362013",
            "self_link": "https://www.googleapis.com/compute/v1/projects/avid-bricolage-362013/global/firewalls/ssh-firewall",
            "source_ranges": [
              "0.0.0.0/0"
            ],
            "source_service_accounts": [],
            "source_tags": [],
            "target_service_accounts": [],
            "target_tags": [],
            "timeouts": null
          },
          "sensitive_attributes": [],
          "private": "eyJlMmJmYjczMC1lY2FhLTExZTYtOGY4OC0zNDM2M2JjN2M0YzAiOnsiY3JlYXRlIjoyNDAwMDAwMDAwMDAsImRlbGV0ZSI6MjQwMDAwMDAwMDAwLCJ1cGRhdGUiOjI0MDAwMDAwMDAwMH0sInNjaGVtYV92ZXJzaW9uIjoiMSJ9",
          "dependencies": [
            "google_compute_network.vpc_network"
          ]
        }
      ]
    },
    {
      "mode": "managed",
      "type": "google_compute_firewall",
      "name": "web",
      "provider": "provider[\"registry.terraform.io/hashicorp/google\"]",
      "instances": [
        {
          "schema_version": 1,
          "attributes": {
            "allow": [
              {
                "ports": [
                  "80",
                  "8080",
                  "1000-5000",
                  "50051"
                ],
                "protocol": "tcp"
              }
            ],
            "creation_timestamp": "2022-12-04T05:19:02.165-08:00",
            "deny": [],
            "description": "",
            "destination_ranges": [],
            "direction": "INGRESS",
            "disabled": false,
            "enable_logging": null,
            "id": "projects/avid-bricolage-362013/global/firewalls/web-firewall",
            "log_config": [],
            "name": "web-firewall",
            "network": "https://www.googleapis.com/compute/v1/projects/avid-bricolage-362013/global/networks/terraform-network",
            "priority": 1000,
            "project": "avid-bricolage-362013",
            "self_link": "https://www.googleapis.com/compute/v1/projects/avid-bricolage-362013/global/firewalls/web-firewall",
            "source_ranges": [
              "0.0.0.0/0"
            ],
            "source_service_accounts": [],
            "source_tags": [],
            "target_service_accounts": [],
            "target_tags": [],
            "timeouts": null
          },
          "sensitive_attributes": [],
          "private": "eyJlMmJmYjczMC1lY2FhLTExZTYtOGY4OC0zNDM2M2JjN2M0YzAiOnsiY3JlYXRlIjoyNDAwMDAwMDAwMDAsImRlbGV0ZSI6MjQwMDAwMDAwMDAwLCJ1cGRhdGUiOjI0MDAwMDAwMDAwMH0sInNjaGVtYV92ZXJzaW9uIjoiMSJ9",
          "dependencies": [
            "google_compute_network.vpc_network"
          ]
        }
      ]
    },
    {
      "mode": "managed",
      "type": "google_compute_instance_from_template",
      "name": "intance_a",
      "provider": "provider[\"registry.terraform.io/hashicorp/google\"]",
      "instances": [
        {
          "schema_version": 0,
          "attributes": {
            "allow_stopping_for_update": null,
            "attached_disk": [],
            "boot_disk": [
              {
                "auto_delete": true,
                "device_name": "persistent-disk-0",
                "disk_encryption_key_raw": "",
                "disk_encryption_key_sha256": "",
                "initialize_params": [
                  {
                    "image": "https://www.googleapis.com/compute/v1/projects/ubuntu-os-cloud/global/images/ubuntu-minimal-2004-focal-v20221202",
                    "labels": {},
                    "size": 10,
                    "type": "pd-standard"
                  }
                ],
                "kms_key_self_link": "",
                "mode": "READ_WRITE",
                "source": "https://www.googleapis.com/compute/v1/projects/avid-bricolage-362013/zones/us-central1-c/disks/instance-from-template-a"
              }
            ],
            "can_ip_forward": false,
            "confidential_instance_config": [],
            "cpu_platform": "Intel Broadwell",
            "current_status": "RUNNING",
            "deletion_protection": false,
            "description": "",
            "desired_status": null,
            "enable_display": false,
            "guest_accelerator": [],
            "hostname": "",
            "id": "projects/avid-bricolage-362013/zones/us-central1-c/instances/instance-from-template-a",
            "instance_id": "1780164540346962258",
            "label_fingerprint": "42WmSpB8rSM=",
            "labels": {},
            "machine_type": "e2-micro",
            "metadata": {
              "instance_a_address": "34.170.104.42",
              "instance_b_address": "34.27.169.182",
              "instance_c_address": "34.72.73.118"
            },
            "metadata_fingerprint": "k4z5XGAlJjQ=",
            "metadata_startup_script": "# Install or update needed software\napt-get update\napt-get install -yq git supervisor python3-pip python3-venv jq\n\n# Fetch source code\nmkdir /opt/app\ngit clone https://github.com/Gabriel-Teston/token-ring.git /opt/app\n\n# Python environment setup\npython3 -m venv /opt/app/env\npip3 install -r /opt/app/requirements.txt\n\nexport INSTANCE_A_ADRESS=$(sudo curl \"http://metadata.google.internal/computeMetadata/v1/instance/attributes/instance_a_address\" -H \"Metadata-Flavor: Google\")\nexport INSTANCE_B_ADRESS=$(sudo curl \"http://metadata.google.internal/computeMetadata/v1/instance/attributes/instance_b_address\" -H \"Metadata-Flavor: Google\")\nexport INSTANCE_C_ADRESS=$(sudo curl \"http://metadata.google.internal/computeMetadata/v1/instance/attributes/instance_c_address\" -H \"Metadata-Flavor: Google\")\n\n\n# Start application\ncd /opt/app/\nflask --app=server run --host=0.0.0.0 --port=80\necho \"\" \u003e sudo tee /DONE",
            "min_cpu_platform": "",
            "name": "instance-from-template-a",
            "network_interface": [
              {
                "access_config": [
                  {
                    "nat_ip": "34.170.104.42",
                    "network_tier": "PREMIUM",
                    "public_ptr_domain_name": ""
                  }
                ],
                "alias_ip_range": [],
                "name": "nic0",
                "network": "https://www.googleapis.com/compute/v1/projects/avid-bricolage-362013/global/networks/terraform-network",
                "network_ip": "10.128.15.205",
                "nic_type": "",
                "subnetwork": "https://www.googleapis.com/compute/v1/projects/avid-bricolage-362013/regions/us-central1/subnetworks/terraform-network",
                "subnetwork_project": "avid-bricolage-362013"
              }
            ],
            "project": "avid-bricolage-362013",
            "reservation_affinity": [],
            "resource_policies": [],
            "scheduling": [
              {
                "automatic_restart": true,
                "min_node_cpus": 0,
                "node_affinities": [],
                "on_host_maintenance": "MIGRATE",
                "preemptible": false
              }
            ],
            "scratch_disk": [],
            "self_link": "https://www.googleapis.com/compute/v1/projects/avid-bricolage-362013/zones/us-central1-c/instances/instance-from-template-a",
            "service_account": [],
            "shielded_instance_config": [
              {
                "enable_integrity_monitoring": true,
                "enable_secure_boot": false,
                "enable_vtpm": true
              }
            ],
            "source_instance_template": "projects/avid-bricolage-362013/global/instanceTemplates/terraform-instance-template",
            "tags": [],
            "tags_fingerprint": "42WmSpB8rSM=",
            "timeouts": null,
            "zone": "us-central1-c"
          },
          "sensitive_attributes": [],
          "private": "eyJlMmJmYjczMC1lY2FhLTExZTYtOGY4OC0zNDM2M2JjN2M0YzAiOnsiY3JlYXRlIjoxMjAwMDAwMDAwMDAwLCJkZWxldGUiOjEyMDAwMDAwMDAwMDAsInVwZGF0ZSI6MTIwMDAwMDAwMDAwMH19",
          "dependencies": [
            "google_compute_address.static_a",
            "google_compute_address.static_b",
            "google_compute_address.static_c",
            "google_compute_instance_template.vm_instance_template",
            "google_compute_network.vpc_network"
          ]
        }
      ]
    },
    {
      "mode": "managed",
      "type": "google_compute_instance_from_template",
      "name": "intance_b",
      "provider": "provider[\"registry.terraform.io/hashicorp/google\"]",
      "instances": [
        {
          "schema_version": 0,
          "attributes": {
            "allow_stopping_for_update": null,
            "attached_disk": [],
            "boot_disk": [
              {
                "auto_delete": true,
                "device_name": "persistent-disk-0",
                "disk_encryption_key_raw": "",
                "disk_encryption_key_sha256": "",
                "initialize_params": [
                  {
                    "image": "https://www.googleapis.com/compute/v1/projects/ubuntu-os-cloud/global/images/ubuntu-minimal-2004-focal-v20221202",
                    "labels": {},
                    "size": 10,
                    "type": "pd-standard"
                  }
                ],
                "kms_key_self_link": "",
                "mode": "READ_WRITE",
                "source": "https://www.googleapis.com/compute/v1/projects/avid-bricolage-362013/zones/us-central1-c/disks/instance-from-template-b"
              }
            ],
            "can_ip_forward": false,
            "confidential_instance_config": [],
            "cpu_platform": "Intel Broadwell",
            "current_status": "RUNNING",
            "deletion_protection": false,
            "description": "",
            "desired_status": null,
            "enable_display": false,
            "guest_accelerator": [],
            "hostname": "",
            "id": "projects/avid-bricolage-362013/zones/us-central1-c/instances/instance-from-template-b",
            "instance_id": "7956603291845038417",
            "label_fingerprint": "42WmSpB8rSM=",
            "labels": {},
            "machine_type": "e2-micro",
            "metadata": {
              "instance_a_address": "34.170.104.42",
              "instance_b_address": "34.27.169.182",
              "instance_c_address": "34.72.73.118"
            },
            "metadata_fingerprint": "k4z5XGAlJjQ=",
            "metadata_startup_script": "# Install or update needed software\napt-get update\napt-get install -yq git supervisor python3-pip python3-venv jq\n\n# Fetch source code\nmkdir /opt/app\ngit clone https://github.com/Gabriel-Teston/token-ring.git /opt/app\n\n# Python environment setup\npython3 -m venv /opt/app/env\npip3 install -r /opt/app/requirements.txt\n\nexport INSTANCE_A_ADRESS=$(sudo curl \"http://metadata.google.internal/computeMetadata/v1/instance/attributes/instance_a_address\" -H \"Metadata-Flavor: Google\")\nexport INSTANCE_B_ADRESS=$(sudo curl \"http://metadata.google.internal/computeMetadata/v1/instance/attributes/instance_b_address\" -H \"Metadata-Flavor: Google\")\nexport INSTANCE_C_ADRESS=$(sudo curl \"http://metadata.google.internal/computeMetadata/v1/instance/attributes/instance_c_address\" -H \"Metadata-Flavor: Google\")\n\n\n# Start application\ncd /opt/app/\nflask --app=server run --host=0.0.0.0 --port=80\necho \"\" \u003e sudo tee /DONE",
            "min_cpu_platform": "",
            "name": "instance-from-template-b",
            "network_interface": [
              {
                "access_config": [
                  {
                    "nat_ip": "34.27.169.182",
                    "network_tier": "PREMIUM",
                    "public_ptr_domain_name": ""
                  }
                ],
                "alias_ip_range": [],
                "name": "nic0",
                "network": "https://www.googleapis.com/compute/v1/projects/avid-bricolage-362013/global/networks/terraform-network",
                "network_ip": "10.128.15.206",
                "nic_type": "",
                "subnetwork": "https://www.googleapis.com/compute/v1/projects/avid-bricolage-362013/regions/us-central1/subnetworks/terraform-network",
                "subnetwork_project": "avid-bricolage-362013"
              }
            ],
            "project": "avid-bricolage-362013",
            "reservation_affinity": [],
            "resource_policies": [],
            "scheduling": [
              {
                "automatic_restart": true,
                "min_node_cpus": 0,
                "node_affinities": [],
                "on_host_maintenance": "MIGRATE",
                "preemptible": false
              }
            ],
            "scratch_disk": [],
            "self_link": "https://www.googleapis.com/compute/v1/projects/avid-bricolage-362013/zones/us-central1-c/instances/instance-from-template-b",
            "service_account": [],
            "shielded_instance_config": [
              {
                "enable_integrity_monitoring": true,
                "enable_secure_boot": false,
                "enable_vtpm": true
              }
            ],
            "source_instance_template": "projects/avid-bricolage-362013/global/instanceTemplates/terraform-instance-template",
            "tags": [],
            "tags_fingerprint": "42WmSpB8rSM=",
            "timeouts": null,
            "zone": "us-central1-c"
          },
          "sensitive_attributes": [],
          "private": "eyJlMmJmYjczMC1lY2FhLTExZTYtOGY4OC0zNDM2M2JjN2M0YzAiOnsiY3JlYXRlIjoxMjAwMDAwMDAwMDAwLCJkZWxldGUiOjEyMDAwMDAwMDAwMDAsInVwZGF0ZSI6MTIwMDAwMDAwMDAwMH19",
          "dependencies": [
            "google_compute_address.static_a",
            "google_compute_address.static_b",
            "google_compute_address.static_c",
            "google_compute_instance_template.vm_instance_template",
            "google_compute_network.vpc_network"
          ]
        }
      ]
    },
    {
      "mode": "managed",
      "type": "google_compute_instance_from_template",
      "name": "intance_c",
      "provider": "provider[\"registry.terraform.io/hashicorp/google\"]",
      "instances": [
        {
          "schema_version": 0,
          "attributes": {
            "allow_stopping_for_update": null,
            "attached_disk": [],
            "boot_disk": [
              {
                "auto_delete": true,
                "device_name": "persistent-disk-0",
                "disk_encryption_key_raw": "",
                "disk_encryption_key_sha256": "",
                "initialize_params": [
                  {
                    "image": "https://www.googleapis.com/compute/v1/projects/ubuntu-os-cloud/global/images/ubuntu-minimal-2004-focal-v20221202",
                    "labels": {},
                    "size": 10,
                    "type": "pd-standard"
                  }
                ],
                "kms_key_self_link": "",
                "mode": "READ_WRITE",
                "source": "https://www.googleapis.com/compute/v1/projects/avid-bricolage-362013/zones/us-central1-c/disks/instance-from-template-c"
              }
            ],
            "can_ip_forward": false,
            "confidential_instance_config": [],
            "cpu_platform": "Intel Broadwell",
            "current_status": "RUNNING",
            "deletion_protection": false,
            "description": "",
            "desired_status": null,
            "enable_display": false,
            "guest_accelerator": [],
            "hostname": "",
            "id": "projects/avid-bricolage-362013/zones/us-central1-c/instances/instance-from-template-c",
            "instance_id": "6196458898612851025",
            "label_fingerprint": "42WmSpB8rSM=",
            "labels": {},
            "machine_type": "e2-micro",
            "metadata": {
              "instance_a_address": "34.170.104.42",
              "instance_b_address": "34.27.169.182",
              "instance_c_address": "34.72.73.118"
            },
            "metadata_fingerprint": "k4z5XGAlJjQ=",
            "metadata_startup_script": "# Install or update needed software\napt-get update\napt-get install -yq git supervisor python3-pip python3-venv jq\n\n# Fetch source code\nmkdir /opt/app\ngit clone https://github.com/Gabriel-Teston/token-ring.git /opt/app\n\n# Python environment setup\npython3 -m venv /opt/app/env\npip3 install -r /opt/app/requirements.txt\n\nexport INSTANCE_A_ADRESS=$(sudo curl \"http://metadata.google.internal/computeMetadata/v1/instance/attributes/instance_a_address\" -H \"Metadata-Flavor: Google\")\nexport INSTANCE_B_ADRESS=$(sudo curl \"http://metadata.google.internal/computeMetadata/v1/instance/attributes/instance_b_address\" -H \"Metadata-Flavor: Google\")\nexport INSTANCE_C_ADRESS=$(sudo curl \"http://metadata.google.internal/computeMetadata/v1/instance/attributes/instance_c_address\" -H \"Metadata-Flavor: Google\")\n\n\n# Start application\ncd /opt/app/\nflask --app=server run --host=0.0.0.0 --port=80\necho \"\" \u003e sudo tee /DONE",
            "min_cpu_platform": "",
            "name": "instance-from-template-c",
            "network_interface": [
              {
                "access_config": [
                  {
                    "nat_ip": "34.72.73.118",
                    "network_tier": "PREMIUM",
                    "public_ptr_domain_name": ""
                  }
                ],
                "alias_ip_range": [],
                "name": "nic0",
                "network": "https://www.googleapis.com/compute/v1/projects/avid-bricolage-362013/global/networks/terraform-network",
                "network_ip": "10.128.15.207",
                "nic_type": "",
                "subnetwork": "https://www.googleapis.com/compute/v1/projects/avid-bricolage-362013/regions/us-central1/subnetworks/terraform-network",
                "subnetwork_project": "avid-bricolage-362013"
              }
            ],
            "project": "avid-bricolage-362013",
            "reservation_affinity": [],
            "resource_policies": [],
            "scheduling": [
              {
                "automatic_restart": true,
                "min_node_cpus": 0,
                "node_affinities": [],
                "on_host_maintenance": "MIGRATE",
                "preemptible": false
              }
            ],
            "scratch_disk": [],
            "self_link": "https://www.googleapis.com/compute/v1/projects/avid-bricolage-362013/zones/us-central1-c/instances/instance-from-template-c",
            "service_account": [],
            "shielded_instance_config": [
              {
                "enable_integrity_monitoring": true,
                "enable_secure_boot": false,
                "enable_vtpm": true
              }
            ],
            "source_instance_template": "projects/avid-bricolage-362013/global/instanceTemplates/terraform-instance-template",
            "tags": [],
            "tags_fingerprint": "42WmSpB8rSM=",
            "timeouts": null,
            "zone": "us-central1-c"
          },
          "sensitive_attributes": [],
          "private": "eyJlMmJmYjczMC1lY2FhLTExZTYtOGY4OC0zNDM2M2JjN2M0YzAiOnsiY3JlYXRlIjoxMjAwMDAwMDAwMDAwLCJkZWxldGUiOjEyMDAwMDAwMDAwMDAsInVwZGF0ZSI6MTIwMDAwMDAwMDAwMH19",
          "dependencies": [
            "google_compute_address.static_a",
            "google_compute_address.static_b",
            "google_compute_address.static_c",
            "google_compute_instance_template.vm_instance_template",
            "google_compute_network.vpc_network"
          ]
        }
      ]
    },
    {
      "mode": "managed",
      "type": "google_compute_instance_template",
      "name": "vm_instance_template",
      "provider": "provider[\"registry.terraform.io/hashicorp/google\"]",
      "instances": [
        {
          "status": "tainted",
          "schema_version": 1,
          "attributes": {
            "advanced_machine_features": null,
            "can_ip_forward": false,
            "confidential_instance_config": null,
            "description": "",
            "disk": [
              {
                "auto_delete": true,
                "boot": true,
                "device_name": "persistent-disk-0",
                "disk_encryption_key": [],
                "disk_name": "",
                "disk_size_gb": 0,
                "disk_type": "pd-standard",
                "interface": "SCSI",
                "labels": null,
                "mode": "READ_WRITE",
                "resource_policies": null,
                "source": "",
                "source_image": "projects/ubuntu-os-cloud/global/images/family/ubuntu-minimal-2004-lts",
                "type": "PERSISTENT"
              }
            ],
            "enable_display": null,
            "guest_accelerator": [],
            "id": "projects/avid-bricolage-362013/global/instanceTemplates/terraform-instance-template",
            "instance_description": "",
            "labels": null,
            "machine_type": "e2-micro",
            "metadata": {
              "instance_a_address": "34.170.104.42",
              "instance_b_address": "34.27.169.182",
              "instance_c_address": "34.72.73.118"
            },
            "metadata_fingerprint": "k4z5XGAlJjQ=",
            "metadata_startup_script": "# Install or update needed software\napt-get update\napt-get install -yq git supervisor python3-pip python3-venv jq\n\n# Fetch source code\nmkdir /opt/app\ngit clone https://github.com/Gabriel-Teston/token-ring.git /opt/app\n\n# Python environment setup\npython3 -m venv /opt/app/env\npip3 install -r /opt/app/requirements.txt\n\nexport INSTANCE_A_ADRESS=$(sudo curl \"http://metadata.google.internal/computeMetadata/v1/instance/attributes/instance_a_address\" -H \"Metadata-Flavor: Google\")\nexport INSTANCE_B_ADRESS=$(sudo curl \"http://metadata.google.internal/computeMetadata/v1/instance/attributes/instance_b_address\" -H \"Metadata-Flavor: Google\")\nexport INSTANCE_C_ADRESS=$(sudo curl \"http://metadata.google.internal/computeMetadata/v1/instance/attributes/instance_c_address\" -H \"Metadata-Flavor: Google\")\n\n\n# Start application\ncd /opt/app/\nflask --app=server run --host=0.0.0.0 --port=80\necho \"\" \u003e sudo tee /DONE",
            "min_cpu_platform": "",
            "name": "terraform-instance-template",
            "name_prefix": null,
            "network_interface": [
              {
                "access_config": [
                  {
                    "nat_ip": "",
                    "network_tier": "PREMIUM",
                    "public_ptr_domain_name": ""
                  }
                ],
                "alias_ip_range": [],
                "name": "nic0",
                "network": "https://www.googleapis.com/compute/v1/projects/avid-bricolage-362013/global/networks/terraform-network",
                "network_ip": "",
                "nic_type": "",
                "subnetwork": "",
                "subnetwork_project": ""
              }
            ],
            "project": "avid-bricolage-362013",
            "region": null,
            "reservation_affinity": [],
            "scheduling": [
              {
                "automatic_restart": true,
                "min_node_cpus": 0,
                "node_affinities": [],
                "on_host_maintenance": "MIGRATE",
                "preemptible": false
              }
            ],
            "self_link": "https://www.googleapis.com/compute/beta/projects/avid-bricolage-362013/global/instanceTemplates/terraform-instance-template",
            "service_account": [],
            "shielded_instance_config": [],
            "tags": null,
            "tags_fingerprint": "",
            "timeouts": null
          },
          "sensitive_attributes": [],
          "private": "eyJlMmJmYjczMC1lY2FhLTExZTYtOGY4OC0zNDM2M2JjN2M0YzAiOnsiY3JlYXRlIjoyNDAwMDAwMDAwMDAsImRlbGV0ZSI6MjQwMDAwMDAwMDAwfSwic2NoZW1hX3ZlcnNpb24iOiIxIn0=",
          "dependencies": [
            "google_compute_address.static_a",
            "google_compute_address.static_b",
            "google_compute_address.static_c",
            "google_compute_network.vpc_network"
          ]
        }
      ]
    },
    {
      "mode": "managed",
      "type": "google_compute_network",
      "name": "vpc_network",
      "provider": "provider[\"registry.terraform.io/hashicorp/google\"]",
      "instances": [
        {
          "schema_version": 0,
          "attributes": {
            "auto_create_subnetworks": true,
            "delete_default_routes_on_create": false,
            "description": "",
            "gateway_ipv4": "",
            "id": "projects/avid-bricolage-362013/global/networks/terraform-network",
            "mtu": 0,
            "name": "terraform-network",
            "project": "avid-bricolage-362013",
            "routing_mode": "REGIONAL",
            "self_link": "https://www.googleapis.com/compute/v1/projects/avid-bricolage-362013/global/networks/terraform-network",
            "timeouts": null
          },
          "sensitive_attributes": [],
          "private": "eyJlMmJmYjczMC1lY2FhLTExZTYtOGY4OC0zNDM2M2JjN2M0YzAiOnsiY3JlYXRlIjoyNDAwMDAwMDAwMDAsImRlbGV0ZSI6MjQwMDAwMDAwMDAwLCJ1cGRhdGUiOjI0MDAwMDAwMDAwMH19"
        }
      ]
    },
    {
      "module": "module.project_services",
      "mode": "managed",
      "type": "google_project_service",
      "name": "project_services",
      "provider": "provider[\"registry.terraform.io/hashicorp/google\"]",
      "instances": [
        {
          "index_key": 0,
          "schema_version": 0,
          "attributes": {
            "disable_dependent_services": false,
            "disable_on_destroy": false,
            "id": "avid-bricolage-362013/compute.googleapis.com",
            "project": "avid-bricolage-362013",
            "service": "compute.googleapis.com",
            "timeouts": null
          },
          "sensitive_attributes": [],
          "private": "eyJlMmJmYjczMC1lY2FhLTExZTYtOGY4OC0zNDM2M2JjN2M0YzAiOnsiY3JlYXRlIjoxMjAwMDAwMDAwMDAwLCJkZWxldGUiOjEyMDAwMDAwMDAwMDAsInJlYWQiOjYwMDAwMDAwMDAwMCwidXBkYXRlIjoxMjAwMDAwMDAwMDAwfX0="
        },
        {
          "index_key": 1,
          "schema_version": 0,
          "attributes": {
            "disable_dependent_services": false,
            "disable_on_destroy": false,
            "id": "avid-bricolage-362013/oslogin.googleapis.com",
            "project": "avid-bricolage-362013",
            "service": "oslogin.googleapis.com",
            "timeouts": null
          },
          "sensitive_attributes": [],
          "private": "eyJlMmJmYjczMC1lY2FhLTExZTYtOGY4OC0zNDM2M2JjN2M0YzAiOnsiY3JlYXRlIjoxMjAwMDAwMDAwMDAwLCJkZWxldGUiOjEyMDAwMDAwMDAwMDAsInJlYWQiOjYwMDAwMDAwMDAwMCwidXBkYXRlIjoxMjAwMDAwMDAwMDAwfX0="
        }
      ]
    }
  ]
}
